
Microsoft Visual Studio Solution File, Format Version 12.00
# Visual Studio Express 14 for Windows Desktop
VisualStudioVersion = 14.0.24720.0
MinimumVisualStudioVersion = 10.0.40219.1
Project("{FAE04EC0-301F-11D3-BF4B-00C04F79EFBC}") = "Entidades", "Entidades\Entidades.csproj", "{AF7188C9-8667-4CAD-A97A-15C245DDDCAA}"
EndProject
Project("{FAE04EC0-301F-11D3-BF4B-00C04F79EFBC}") = "PresentacionKiosko", "PresentacionKiosko\PresentacionKiosko.csproj", "{C348EE33-CC33-4771-89B6-CB98FDAF3EF9}"
EndProject
Project("{FAE04EC0-301F-11D3-BF4B-00C04F79EFBC}") = "Logica", "Logica\Logica.csproj", "{0BF495FF-E1A5-4CEB-B075-52007CBE9B45}"
EndProject
Global
	GlobalSection(SolutionConfigurationPlatforms) = preSolution
		Debug|Any CPU = Debug|Any CPU
		Release|Any CPU = Release|Any CPU
	EndGlobalSection
	GlobalSection(ProjectConfigurationPlatforms) = postSolution
		{AF7188C9-8667-4CAD-A97A-15C245DDDCAA}.Debug|Any CPU.ActiveCfg = Debug|Any CPU
		{AF7188C9-8667-4CAD-A97A-15C245DDDCAA}.Debug|Any CPU.Build.0 = Debug|Any CPU
		{AF7188C9-8667-4CAD-A97A-15C245DDDCAA}.Release|Any CPU.ActiveCfg = Release|Any CPU
		{AF7188C9-8667-4CAD-A97A-15C245DDDCAA}.Release|Any CPU.Build.0 = Release|Any CPU
		{C348EE33-CC33-4771-89B6-CB98FDAF3EF9}.Debug|Any CPU.ActiveCfg = Debug|Any CPU
		{C348EE33-CC33-4771-89B6-CB98FDAF3EF9}.Debug|Any CPU.Build.0 = Debug|Any CPU
		{C348EE33-CC33-4771-89B6-CB98FDAF3EF9}.Release|Any CPU.ActiveCfg = Release|Any CPU
		{C348EE33-CC33-4771-89B6-CB98FDAF3EF9}.Release|Any CPU.Build.0 = Release|Any CPU
		{0BF495FF-E1A5-4CEB-B075-52007CBE9B45}.Debug|Any CPU.ActiveCfg = Debug|Any CPU
		{0BF495FF-E1A5-4CEB-B075-52007CBE9B45}.Debug|Any CPU.Build.0 = Debug|Any CPU
		{0BF495FF-E1A5-4CEB-B075-52007CBE9B45}.Release|Any CPU.ActiveCfg = Release|Any CPU
		{0BF495FF-E1A5-4CEB-B075-52007CBE9B45}.Release|Any CPU.Build.0 = Release|Any CPU
	EndGlobalSection
	GlobalSection(SolutionProperties) = preSolution
		HideSolutionNode = FALSE
	EndGlobalSection
EndGlobal
